
Microsoft Visual Studio Solution File, Format Version 12.00
# Visual Studio 15
VisualStudioVersion = 15.0.27703.2042
MinimumVisualStudioVersion = 10.0.40219.1
Project("{FAE04EC0-301F-11D3-BF4B-00C04F79EFBC}") = "DSA", "DSA\DSA.csproj", "{4039715B-75E9-46F7-8538-928F163C173F}"
EndProject
Global
	GlobalSection(SolutionConfigurationPlatforms) = preSolution
		Debug|Any CPU = Debug|Any CPU
		Release|Any CPU = Release|Any CPU
	EndGlobalSection
	GlobalSection(ProjectConfigurationPlatforms) = postSolution
		{4039715B-75E9-46F7-8538-928F163C173F}.Debug|Any CPU.ActiveCfg = Debug|Any CPU
		{4039715B-75E9-46F7-8538-928F163C173F}.Debug|Any CPU.Build.0 = Debug|Any CPU
		{4039715B-75E9-46F7-8538-928F163C173F}.Release|Any CPU.ActiveCfg = Release|Any CPU
		{4039715B-75E9-46F7-8538-928F163C173F}.Release|Any CPU.Build.0 = Release|Any CPU
	EndGlobalSection
	GlobalSection(SolutionProperties) = preSolution
		HideSolutionNode = FALSE
	EndGlobalSection
	GlobalSection(ExtensibilityGlobals) = postSolution
		SolutionGuid = {F7EDB80E-2D0A-4419-BC91-14022AE48A4D}
	EndGlobalSection
EndGlobal
